
Microsoft Visual Studio Solution File, Format Version 12.00
# Visual Studio Version 17
VisualStudioVersion = 17.2.32505.173
MinimumVisualStudioVersion = 10.0.40219.1
Project("{FAE04EC0-301F-11D3-BF4B-00C04F79EFBC}") = "WinFormsDZ22", "WinFormsDZ22\WinFormsDZ22.csproj", "{812BF887-7BE1-4BB1-AF5F-1739C9AE6780}"
EndProject
Global
	GlobalSection(SolutionConfigurationPlatforms) = preSolution
		Debug|Any CPU = Debug|Any CPU
		Release|Any CPU = Release|Any CPU
	EndGlobalSection
	GlobalSection(ProjectConfigurationPlatforms) = postSolution
		{812BF887-7BE1-4BB1-AF5F-1739C9AE6780}.Debug|Any CPU.ActiveCfg = Debug|Any CPU
		{812BF887-7BE1-4BB1-AF5F-1739C9AE6780}.Debug|Any CPU.Build.0 = Debug|Any CPU
		{812BF887-7BE1-4BB1-AF5F-1739C9AE6780}.Release|Any CPU.ActiveCfg = Release|Any CPU
		{812BF887-7BE1-4BB1-AF5F-1739C9AE6780}.Release|Any CPU.Build.0 = Release|Any CPU
	EndGlobalSection
	GlobalSection(SolutionProperties) = preSolution
		HideSolutionNode = FALSE
	EndGlobalSection
	GlobalSection(ExtensibilityGlobals) = postSolution
		SolutionGuid = {7D8F8ACA-2367-4579-A927-6D608D78BB5E}
	EndGlobalSection
EndGlobal
